
Microsoft Visual Studio Solution File, Format Version 12.00
# Visual Studio 14
VisualStudioVersion = 14.0.25420.1
MinimumVisualStudioVersion = 10.0.40219.1
Project("{FAE04EC0-301F-11D3-BF4B-00C04F79EFBC}") = "Introducao01", "Introducao01\Introducao01.csproj", "{D44EAB35-740F-46AB-910F-BDAB3CD5E5AE}"
EndProject
Global
	GlobalSection(SolutionConfigurationPlatforms) = preSolution
		Debug|Any CPU = Debug|Any CPU
		Release|Any CPU = Release|Any CPU
	EndGlobalSection
	GlobalSection(ProjectConfigurationPlatforms) = postSolution
		{D44EAB35-740F-46AB-910F-BDAB3CD5E5AE}.Debug|Any CPU.ActiveCfg = Debug|Any CPU
		{D44EAB35-740F-46AB-910F-BDAB3CD5E5AE}.Debug|Any CPU.Build.0 = Debug|Any CPU
		{D44EAB35-740F-46AB-910F-BDAB3CD5E5AE}.Release|Any CPU.ActiveCfg = Release|Any CPU
		{D44EAB35-740F-46AB-910F-BDAB3CD5E5AE}.Release|Any CPU.Build.0 = Release|Any CPU
	EndGlobalSection
	GlobalSection(SolutionProperties) = preSolution
		HideSolutionNode = FALSE
	EndGlobalSection
EndGlobal
